
Microsoft Visual Studio Solution File, Format Version 12.00
# Visual Studio Version 17
VisualStudioVersion = 17.10.35027.167
MinimumVisualStudioVersion = 10.0.40219.1
Project("{FAE04EC0-301F-11D3-BF4B-00C04F79EFBC}") = "CodeFirst", "CodeFirst\CodeFirst.csproj", "{A53FBAF3-EED5-4203-A6A1-E16E884F2645}"
EndProject
Global
	GlobalSection(SolutionConfigurationPlatforms) = preSolution
		Debug|Any CPU = Debug|Any CPU
		Release|Any CPU = Release|Any CPU
	EndGlobalSection
	GlobalSection(ProjectConfigurationPlatforms) = postSolution
		{A53FBAF3-EED5-4203-A6A1-E16E884F2645}.Debug|Any CPU.ActiveCfg = Debug|Any CPU
		{A53FBAF3-EED5-4203-A6A1-E16E884F2645}.Debug|Any CPU.Build.0 = Debug|Any CPU
		{A53FBAF3-EED5-4203-A6A1-E16E884F2645}.Release|Any CPU.ActiveCfg = Release|Any CPU
		{A53FBAF3-EED5-4203-A6A1-E16E884F2645}.Release|Any CPU.Build.0 = Release|Any CPU
	EndGlobalSection
	GlobalSection(SolutionProperties) = preSolution
		HideSolutionNode = FALSE
	EndGlobalSection
	GlobalSection(ExtensibilityGlobals) = postSolution
		SolutionGuid = {C16D950E-1214-4F08-B013-B26854F86668}
	EndGlobalSection
EndGlobal
